
Microsoft Visual Studio Solution File, Format Version 12.00
Project("{F2A71F9B-5D33-465A-A702-920D77279786}") = "Day05", "Day05\Day05.fsproj", "{ABC5EAF6-87D4-4318-8F5B-CA9A0082DF81}"
EndProject
Project("{FAE04EC0-301F-11D3-BF4B-00C04F79EFBC}") = "Day03", "Day03\Day03.csproj", "{A429364A-0C09-41BD-A4B6-47A70A7E8169}"
EndProject
Project("{FAE04EC0-301F-11D3-BF4B-00C04F79EFBC}") = "Day06", "Day06\Day06.csproj", "{4B421222-9F24-47F7-99A0-9C0A318A5AED}"
EndProject
Project("{F2A71F9B-5D33-465A-A702-920D77279786}") = "Day01_FSharp", "Day01_FSharp\Day01_FSharp.fsproj", "{D7C74D72-5631-445F-A45A-CF4F2267425C}"
EndProject
Project("{F2A71F9B-5D33-465A-A702-920D77279786}") = "Day02_FSharp", "Day02_FSharp\Day02_FSharp.fsproj", "{0CA7C50D-2E9D-42DB-AAF9-25B7835D74BE}"
EndProject
Project("{F2A71F9B-5D33-465A-A702-920D77279786}") = "Day04_FSharp", "Day04_FSharp\Day04_FSharp.fsproj", "{79AE5CD7-F65D-4F6D-B44C-3AB4F8294417}"
EndProject
Project("{FAE04EC0-301F-11D3-BF4B-00C04F79EFBC}") = "Day07", "Day07\Day07.csproj", "{629E2FC5-BAE5-4B53-89B7-8188A3AE8C7F}"
EndProject
Project("{FAE04EC0-301F-11D3-BF4B-00C04F79EFBC}") = "Day08", "Day08\Day08.csproj", "{5169A8C2-B4ED-4F72-971A-0714CB976BD3}"
EndProject
Project("{FAE04EC0-301F-11D3-BF4B-00C04F79EFBC}") = "Day09", "Day09\Day09.csproj", "{64AEF07A-77EC-4E15-B5CB-E159A6416921}"
EndProject
Global
	GlobalSection(SolutionConfigurationPlatforms) = preSolution
		Debug|Any CPU = Debug|Any CPU
		Release|Any CPU = Release|Any CPU
	EndGlobalSection
	GlobalSection(ProjectConfigurationPlatforms) = postSolution
		{ABC5EAF6-87D4-4318-8F5B-CA9A0082DF81}.Debug|Any CPU.ActiveCfg = Debug|Any CPU
		{ABC5EAF6-87D4-4318-8F5B-CA9A0082DF81}.Debug|Any CPU.Build.0 = Debug|Any CPU
		{ABC5EAF6-87D4-4318-8F5B-CA9A0082DF81}.Release|Any CPU.ActiveCfg = Release|Any CPU
		{ABC5EAF6-87D4-4318-8F5B-CA9A0082DF81}.Release|Any CPU.Build.0 = Release|Any CPU
		{A429364A-0C09-41BD-A4B6-47A70A7E8169}.Debug|Any CPU.ActiveCfg = Debug|Any CPU
		{A429364A-0C09-41BD-A4B6-47A70A7E8169}.Debug|Any CPU.Build.0 = Debug|Any CPU
		{A429364A-0C09-41BD-A4B6-47A70A7E8169}.Release|Any CPU.ActiveCfg = Release|Any CPU
		{A429364A-0C09-41BD-A4B6-47A70A7E8169}.Release|Any CPU.Build.0 = Release|Any CPU
		{4B421222-9F24-47F7-99A0-9C0A318A5AED}.Debug|Any CPU.ActiveCfg = Debug|Any CPU
		{4B421222-9F24-47F7-99A0-9C0A318A5AED}.Debug|Any CPU.Build.0 = Debug|Any CPU
		{4B421222-9F24-47F7-99A0-9C0A318A5AED}.Release|Any CPU.ActiveCfg = Release|Any CPU
		{4B421222-9F24-47F7-99A0-9C0A318A5AED}.Release|Any CPU.Build.0 = Release|Any CPU
		{D7C74D72-5631-445F-A45A-CF4F2267425C}.Debug|Any CPU.ActiveCfg = Debug|Any CPU
		{D7C74D72-5631-445F-A45A-CF4F2267425C}.Debug|Any CPU.Build.0 = Debug|Any CPU
		{D7C74D72-5631-445F-A45A-CF4F2267425C}.Release|Any CPU.ActiveCfg = Release|Any CPU
		{D7C74D72-5631-445F-A45A-CF4F2267425C}.Release|Any CPU.Build.0 = Release|Any CPU
		{0CA7C50D-2E9D-42DB-AAF9-25B7835D74BE}.Debug|Any CPU.ActiveCfg = Debug|Any CPU
		{0CA7C50D-2E9D-42DB-AAF9-25B7835D74BE}.Debug|Any CPU.Build.0 = Debug|Any CPU
		{0CA7C50D-2E9D-42DB-AAF9-25B7835D74BE}.Release|Any CPU.ActiveCfg = Release|Any CPU
		{0CA7C50D-2E9D-42DB-AAF9-25B7835D74BE}.Release|Any CPU.Build.0 = Release|Any CPU
		{79AE5CD7-F65D-4F6D-B44C-3AB4F8294417}.Debug|Any CPU.ActiveCfg = Debug|Any CPU
		{79AE5CD7-F65D-4F6D-B44C-3AB4F8294417}.Debug|Any CPU.Build.0 = Debug|Any CPU
		{79AE5CD7-F65D-4F6D-B44C-3AB4F8294417}.Release|Any CPU.ActiveCfg = Release|Any CPU
		{79AE5CD7-F65D-4F6D-B44C-3AB4F8294417}.Release|Any CPU.Build.0 = Release|Any CPU
		{629E2FC5-BAE5-4B53-89B7-8188A3AE8C7F}.Debug|Any CPU.ActiveCfg = Debug|Any CPU
		{629E2FC5-BAE5-4B53-89B7-8188A3AE8C7F}.Debug|Any CPU.Build.0 = Debug|Any CPU
		{629E2FC5-BAE5-4B53-89B7-8188A3AE8C7F}.Release|Any CPU.ActiveCfg = Release|Any CPU
		{629E2FC5-BAE5-4B53-89B7-8188A3AE8C7F}.Release|Any CPU.Build.0 = Release|Any CPU
		{5169A8C2-B4ED-4F72-971A-0714CB976BD3}.Debug|Any CPU.ActiveCfg = Debug|Any CPU
		{5169A8C2-B4ED-4F72-971A-0714CB976BD3}.Debug|Any CPU.Build.0 = Debug|Any CPU
		{5169A8C2-B4ED-4F72-971A-0714CB976BD3}.Release|Any CPU.ActiveCfg = Release|Any CPU
		{5169A8C2-B4ED-4F72-971A-0714CB976BD3}.Release|Any CPU.Build.0 = Release|Any CPU
		{64AEF07A-77EC-4E15-B5CB-E159A6416921}.Debug|Any CPU.ActiveCfg = Debug|Any CPU
		{64AEF07A-77EC-4E15-B5CB-E159A6416921}.Debug|Any CPU.Build.0 = Debug|Any CPU
		{64AEF07A-77EC-4E15-B5CB-E159A6416921}.Release|Any CPU.ActiveCfg = Release|Any CPU
		{64AEF07A-77EC-4E15-B5CB-E159A6416921}.Release|Any CPU.Build.0 = Release|Any CPU
	EndGlobalSection
EndGlobal
